# THIS IS AN AUTOGENERATED FILE. DO NOT EDIT THIS FILE DIRECTLY.
# yarn lockfile v1


kelp-body@^1.4.5:
  version "1.4.5"
  resolved "https://registry.yarnpkg.com/kelp-body/-/kelp-body-1.4.5.tgz#b7342cbea264c686532a189a4af7f3ca9fe9dab3"
  integrity sha512-0auftDOm4CFLY3ZSe4bwAs8Cm4gbwHQy7bLz84lGN+r9aKER5jdi5VaofNuAC0E1VlXiYhsed199pAgUUDrPYQ==
  dependencies:
    mime2 latest

kelp-send@^1.0.6:
  version "1.0.6"
  resolved "https://registry.yarnpkg.com/kelp-send/-/kelp-send-1.0.6.tgz#2fceeb42ab2db111665e0c840a4be48ba3a95530"
  integrity sha512-eGb39z1ZHsFdE+3tc2E3LhlCYsG5ySAETvV1GFOe3Y8/V2GlkcF2BmRV61Wl4YSioL1iF2LMaftMioIaLPun1A==

kelp-static@^1.3.0:
  version "1.3.0"
  resolved "https://registry.yarnpkg.com/kelp-static/-/kelp-static-1.3.0.tgz#52eb13ebb010357567d67ac7c73e212096d03d4c"
  integrity sha512-pI1YA8b+0f+VsrsUL8UoPQFMQZQmcP5TTSSxghXzjd4dGQsl8CP11UJjvKw+E0Va3akOw21SJ5ZVQOdKLGCu1A==
  dependencies:
    mime2 latest

kelp@^2.0.2:
  version "2.0.2"
  resolved "https://registry.yarnpkg.com/kelp/-/kelp-2.0.2.tgz#62e47e6f18ed02e0acbde56008d96e4157d25260"
  integrity sha512-7Vn+GnDC4RsNr4KcWmvqs1L8jt2GymDqYdghv9OkScPaTPwgRfntrxqE/QO9eUXIM49f4g4edLIQPtwpyOZ4jw==

mime2@latest:
  version "0.0.11"
  resolved "https://registry.yarnpkg.com/mime2/-/mime2-0.0.11.tgz#ae75a1386114ffd51d9e97c481464318e97d87c5"
  integrity sha512-Ch599Y8U4vUgG9AaQgLEnIdXRRLoZPfjAdWFDLYePBEJS1nsS43H2pzbZn0u8lkbYx+yInuKxLsUEgM3fa9ZLQ==

options@>=0.0.5:
  version "0.0.6"
  resolved "https://registry.yarnpkg.com/options/-/options-0.0.6.tgz#ec22d312806bb53e731773e7cdaefcf1c643128f"
  integrity sha512-bOj3L1ypm++N+n7CEbbe473A414AB7z+amKYshRb//iuL3MpdDCLhPnw6aVTdKB9g5ZRVHIEp8eUln6L2NUStg==

ultron@1.0.x:
  version "1.0.2"
  resolved "https://registry.yarnpkg.com/ultron/-/ultron-1.0.2.tgz#ace116ab557cd197386a4e88f4685378c8b2e4fa"
  integrity sha512-QMpnpVtYaWEeY+MwKDN/UdKlE/LsFZXM5lO1u7GaZzNgmIbGixHEmVMIKT+vqYOALu3m5GYQy9kz4Xu4IVn7Ow==

ws@^1.1.1:
  version "1.1.5"
  resolved "https://registry.yarnpkg.com/ws/-/ws-1.1.5.tgz#cbd9e6e75e09fc5d2c90015f21f0c40875e0dd51"
  integrity sha512-o3KqipXNUdS7wpQzBHSe180lBGO60SoK0yVo3CYJgb2MkobuWuBX6dhkYP5ORCLd55y+SaflMOV5fqAB53ux4w==
  dependencies:
    options ">=0.0.5"
    ultron "1.0.x"
